
Microsoft Visual Studio Solution File, Format Version 12.00
# Visual Studio Version 17
VisualStudioVersion = 17.1.32407.343
MinimumVisualStudioVersion = 10.0.40219.1
Project("{FAE04EC0-301F-11D3-BF4B-00C04F79EFBC}") = "Sorting_numbers", "Sorting_numbers\Sorting_numbers.csproj", "{A87C61FA-8370-4541-AC0E-8716CFB2D9F0}"
EndProject
Global
	GlobalSection(SolutionConfigurationPlatforms) = preSolution
		Debug|Any CPU = Debug|Any CPU
		Release|Any CPU = Release|Any CPU
	EndGlobalSection
	GlobalSection(ProjectConfigurationPlatforms) = postSolution
		{A87C61FA-8370-4541-AC0E-8716CFB2D9F0}.Debug|Any CPU.ActiveCfg = Debug|Any CPU
		{A87C61FA-8370-4541-AC0E-8716CFB2D9F0}.Debug|Any CPU.Build.0 = Debug|Any CPU
		{A87C61FA-8370-4541-AC0E-8716CFB2D9F0}.Release|Any CPU.ActiveCfg = Release|Any CPU
		{A87C61FA-8370-4541-AC0E-8716CFB2D9F0}.Release|Any CPU.Build.0 = Release|Any CPU
	EndGlobalSection
	GlobalSection(SolutionProperties) = preSolution
		HideSolutionNode = FALSE
	EndGlobalSection
	GlobalSection(ExtensibilityGlobals) = postSolution
		SolutionGuid = {57080874-3F41-4740-835F-825DD8ED1927}
	EndGlobalSection
EndGlobal
